<?xml version="1.0" encoding="UTF-8"?>
<Scheme
   version = "1.3">
   <BuildAction>
      <BuildActionEntries>
         <BuildActionEntry
            buildForTesting = "YES">
            <BuildableReference
               BuildableIdentifier = "primary"
               BlueprintIdentifier = "393D12A92576A9AA002F5681"
               BuildableName = "Advent Of Code 2020 Tests.xctest"
               BlueprintName = "Advent Of Code 2020 Tests"
               ReferencedContainer = "container:Advent Of Code 2020.xcodeproj">
            </BuildableReference>
         </BuildActionEntry>
      </BuildActionEntries>
   </BuildAction>
   <TestAction
      buildConfiguration = "Debug">
      <Testables>
         <TestableReference>
            <BuildableReference
               BuildableIdentifier = "primary"
               BlueprintIdentifier = "393D12A92576A9AA002F5681"
               BuildableName = "Advent Of Code 2020 Tests.xctest"
               BlueprintName = "Advent Of Code 2020 Tests"
               ReferencedContainer = "container:Advent Of Code 2020.xcodeproj">
            </BuildableReference>
         </TestableReference>
      </Testables>
   </TestAction>
   <LaunchAction
      useCustomWorkingDirectory = "NO"
      allowLocationSimulation = "YES">
   </LaunchAction>
</Scheme>
