// !$*UTF8*$!
{
	archiveVersion = 1;
	classes = {
	};
	objectVersion = 50;
	objects = {

/* Begin PBXBuildFile section */
		393D12962576A819002F5681 /* Advent_Of_Code_2020.h in Headers */ = {isa = PBXBuildFile; fileRef = 393D12952576A819002F5681 /* Advent_Of_Code_2020.h */; };
		393D12982576A819002F5681 /* Advent_Of_Code_2020.m in Sources */ = {isa = PBXBuildFile; fileRef = 393D12972576A819002F5681 /* Advent_Of_Code_2020.m */; };
/* End PBXBuildFile section */

/* Begin PBXFileReference section */
		393D12922576A819002F5681 /* libAdvent Of Code 2020.a */ = {isa = PBXFileReference; explicitFileType = archive.ar; includeInIndex = 0; path = "libAdvent Of Code 2020.a"; sourceTree = BUILT_PRODUCTS_DIR; };
		393D12952576A819002F5681 /* Advent_Of_Code_2020.h */ = {isa = PBXFileReference; lastKnownFileType = sourcecode.c.h; path = Advent_Of_Code_2020.h; sourceTree = "<group>"; };
		393D12972576A819002F5681 /* Advent_Of_Code_2020.m */ = {isa = PBXFileReference; lastKnownFileType = sourcecode.c.objc; path = Advent_Of_Code_2020.m; sourceTree = "<group>"; };
/* End PBXFileReference section */

/* Begin PBXFrameworksBuildPhase section */
		393D12902576A819002F5681 /* Frameworks */ = {
			isa = PBXFrameworksBuildPhase;
			buildActionMask = 2147483647;
			files = (
			);
			runOnlyForDeploymentPostprocessing = 0;
		};
/* End PBXFrameworksBuildPhase section */

/* Begin PBXGroup section */
		393D12892576A819002F5681 = {
			isa = PBXGroup;
			children = (
				393D12942576A819002F5681 /* Advent Of Code 2020 */,
				393D12932576A819002F5681 /* Products */,
			);
			sourceTree = "<group>";
		};
		393D12932576A819002F5681 /* Products */ = {
			isa = PBXGroup;
			children = (
				393D12922576A819002F5681 /* libAdvent Of Code 2020.a */,
			);
			name = Products;
			sourceTree = "<group>";
		};
		393D12942576A819002F5681 /* Advent Of Code 2020 */ = {
			isa = PBXGroup;
			children = (
				393D12952576A819002F5681 /* Advent_Of_Code_2020.h */,
				393D12972576A819002F5681 /* Advent_Of_Code_2020.m */,
			);
			path = "Advent Of Code 2020";
			sourceTree = "<group>";
		};
/* End PBXGroup section */

/* Begin PBXHeadersBuildPhase section */
		393D128E2576A819002F5681 /* Headers */ = {
			isa = PBXHeadersBuildPhase;
			buildActionMask = 2147483647;
			files = (
				393D12962576A819002F5681 /* Advent_Of_Code_2020.h in Headers */,
			);
			runOnlyForDeploymentPostprocessing = 0;
		};
/* End PBXHeadersBuildPhase section */

/* Begin PBXNativeTarget section */
		393D12912576A819002F5681 /* Advent Of Code 2020 */ = {
			isa = PBXNativeTarget;
			buildConfigurationList = 393D129B2576A819002F5681 /* Build configuration list for PBXNativeTarget "Advent Of Code 2020" */;
			buildPhases = (
				393D128E2576A819002F5681 /* Headers */,
				393D128F2576A819002F5681 /* Sources */,
				393D12902576A819002F5681 /* Frameworks */,
			);
			buildRules = (
			);
			dependencies = (
			);
			name = "Advent Of Code 2020";
			productName = "Advent Of Code 2020";
			productReference = 393D12922576A819002F5681 /* libAdvent Of Code 2020.a */;
			productType = "com.apple.product-type.library.static";
		};
/* End PBXNativeTarget section */

/* Begin PBXProject section */
		393D128A2576A819002F5681 /* Project object */ = {
			isa = PBXProject;
			attributes = {
				LastUpgradeCheck = 1220;
				TargetAttributes = {
					393D12912576A819002F5681 = {
						CreatedOnToolsVersion = 12.2;
					};
				};
			};
			buildConfigurationList = 393D128D2576A819002F5681 /* Build configuration list for PBXProject "Advent Of Code 2020" */;
			compatibilityVersion = "Xcode 9.3";
			developmentRegion = en;
			hasScannedForEncodings = 0;
			knownRegions = (
				en,
				Base,
			);
			mainGroup = 393D12892576A819002F5681;
			productRefGroup = 393D12932576A819002F5681 /* Products */;
			projectDirPath = "";
			projectRoot = "";
			targets = (
				393D12912576A819002F5681 /* Advent Of Code 2020 */,
			);
		};
/* End PBXProject section */

/* Begin PBXSourcesBuildPhase section */
		393D128F2576A819002F5681 /* Sources */ = {
			isa = PBXSourcesBuildPhase;
			buildActionMask = 2147483647;
			files = (
				393D12982576A819002F5681 /* Advent_Of_Code_2020.m in Sources */,
			);
			runOnlyForDeploymentPostprocessing = 0;
		};
/* End PBXSourcesBuildPhase section */

/* Begin XCBuildConfiguration section */
		393D12992576A819002F5681 /* Debug */ = {
			isa = XCBuildConfiguration;
			buildSettings = {
				ALWAYS_SEARCH_USER_PATHS = NO;
				CLANG_ANALYZER_NONNULL = YES;
				CLANG_ANALYZER_NUMBER_OBJECT_CONVERSION = YES_AGGRESSIVE;
				CLANG_CXX_LANGUAGE_STANDARD = "gnu++14";
				CLANG_CXX_LIBRARY = "libc++";
				CLANG_ENABLE_MODULES = YES;
				CLANG_ENABLE_OBJC_ARC = YES;
				CLANG_ENABLE_OBJC_WEAK = YES;
				CLANG_WARN_BLOCK_CAPTURE_AUTORELEASING = YES;
				CLANG_WARN_BOOL_CONVERSION = YES;
				CLANG_WARN_COMMA = YES;
				CLANG_WARN_CONSTANT_CONVERSION = YES;
				CLANG_WARN_DEPRECATED_OBJC_IMPLEMENTATIONS = YES;
				CLANG_WARN_DIRECT_OBJC_ISA_USAGE = YES_ERROR;
				CLANG_WARN_DOCUMENTATION_COMMENTS = YES;
				CLANG_WARN_EMPTY_BODY = YES;
				CLANG_WARN_ENUM_CONVERSION = YES;
				CLANG_WARN_INFINITE_RECURSION = YES;
				CLANG_WARN_INT_CONVERSION = YES;
				CLANG_WARN_NON_LITERAL_NULL_CONVERSION = YES;
				CLANG_WARN_OBJC_IMPLICIT_RETAIN_SELF = YES;
				CLANG_WARN_OBJC_LITERAL_CONVERSION = YES;
				CLANG_WARN_OBJC_ROOT_CLASS = YES_ERROR;
				CLANG_WARN_QUOTED_INCLUDE_IN_FRAMEWORK_HEADER = YES;
				CLANG_WARN_RANGE_LOOP_ANALYSIS = YES;
				CLANG_WARN_STRICT_PROTOTYPES = YES;
				CLANG_WARN_SUSPICIOUS_MOVE = YES;
				CLANG_WARN_UNGUARDED_AVAILABILITY = YES_AGGRESSIVE;
				CLANG_WARN_UNREACHABLE_CODE = YES;
				CLANG_WARN__DUPLICATE_METHOD_MATCH = YES;
				COPY_PHASE_STRIP = NO;
				DEBUG_INFORMATION_FORMAT = dwarf;
				ENABLE_STRICT_OBJC_MSGSEND = YES;
				ENABLE_TESTABILITY = YES;
				GCC_C_LANGUAGE_STANDARD = gnu11;
				GCC_DYNAMIC_NO_PIC = NO;
				GCC_NO_COMMON_BLOCKS = YES;
				GCC_OPTIMIZATION_LEVEL = 0;
				GCC_PREPROCESSOR_DEFINITIONS = (
					"DEBUG=1",
					"$(inherited)",
				);
				GCC_WARN_64_TO_32_BIT_CONVERSION = YES;
				GCC_WARN_ABOUT_RETURN_TYPE = YES_ERROR;
				GCC_WARN_UNDECLARED_SELECTOR = YES;
				GCC_WARN_UNINITIALIZED_AUTOS = YES_AGGRESSIVE;
				GCC_WARN_UNUSED_FUNCTION = YES;
				GCC_WARN_UNUSED_VARIABLE = YES;
				MACOSX_DEPLOYMENT_TARGET = 11.0;
				MTL_ENABLE_DEBUG_INFO = INCLUDE_SOURCE;
				MTL_FAST_MATH = YES;
				ONLY_ACTIVE_ARCH = YES;
				SDKROOT = macosx;
			};
			name = Debug;
		};
		393D129A2576A819002F5681 /* Release */ = {
			isa = XCBuildConfiguration;
			buildSettings = {
				ALWAYS_SEARCH_USER_PATHS = NO;
				CLANG_ANALYZER_NONNULL = YES;
				CLANG_ANALYZER_NUMBER_OBJECT_CONVERSION = YES_AGGRESSIVE;
				CLANG_CXX_LANGUAGE_STANDARD = "gnu++14";
				CLANG_CXX_LIBRARY = "libc++";
				CLANG_ENABLE_MODULES = YES;
				CLANG_ENABLE_OBJC_ARC = YES;
				CLANG_ENABLE_OBJC_WEAK = YES;
				CLANG_WARN_BLOCK_CAPTURE_AUTORELEASING = YES;
				CLANG_WARN_BOOL_CONVERSION = YES;
				CLANG_WARN_COMMA = YES;
				CLANG_WARN_CONSTANT_CONVERSION = YES;
				CLANG_WARN_DEPRECATED_OBJC_IMPLEMENTATIONS = YES;
				CLANG_WARN_DIRECT_OBJC_ISA_USAGE = YES_ERROR;
				CLANG_WARN_DOCUMENTATION_COMMENTS = YES;
				CLANG_WARN_EMPTY_BODY = YES;
				CLANG_WARN_ENUM_CONVERSION = YES;
				CLANG_WARN_INFINITE_RECURSION = YES;
				CLANG_WARN_INT_CONVERSION = YES;
				CLANG_WARN_NON_LITERAL_NULL_CONVERSION = YES;
				CLANG_WARN_OBJC_IMPLICIT_RETAIN_SELF = YES;
				CLANG_WARN_OBJC_LITERAL_CONVERSION = YES;
				CLANG_WARN_OBJC_ROOT_CLASS = YES_ERROR;
				CLANG_WARN_QUOTED_INCLUDE_IN_FRAMEWORK_HEADER = YES;
				CLANG_WARN_RANGE_LOOP_ANALYSIS = YES;
				CLANG_WARN_STRICT_PROTOTYPES = YES;
				CLANG_WARN_SUSPICIOUS_MOVE = YES;
				CLANG_WARN_UNGUARDED_AVAILABILITY = YES_AGGRESSIVE;
				CLANG_WARN_UNREACHABLE_CODE = YES;
				CLANG_WARN__DUPLICATE_METHOD_MATCH = YES;
				COPY_PHASE_STRIP = NO;
				DEBUG_INFORMATION_FORMAT = "dwarf-with-dsym";
				ENABLE_NS_ASSERTIONS = NO;
				ENABLE_STRICT_OBJC_MSGSEND = YES;
				GCC_C_LANGUAGE_STANDARD = gnu11;
				GCC_NO_COMMON_BLOCKS = YES;
				GCC_WARN_64_TO_32_BIT_CONVERSION = YES;
				GCC_WARN_ABOUT_RETURN_TYPE = YES_ERROR;
				GCC_WARN_UNDECLARED_SELECTOR = YES;
				GCC_WARN_UNINITIALIZED_AUTOS = YES_AGGRESSIVE;
				GCC_WARN_UNUSED_FUNCTION = YES;
				GCC_WARN_UNUSED_VARIABLE = YES;
				MACOSX_DEPLOYMENT_TARGET = 11.0;
				MTL_ENABLE_DEBUG_INFO = NO;
				MTL_FAST_MATH = YES;
				SDKROOT = macosx;
			};
			name = Release;
		};
		393D129C2576A819002F5681 /* Debug */ = {
			isa = XCBuildConfiguration;
			buildSettings = {
				CODE_SIGN_STYLE = Automatic;
				DEVELOPMENT_TEAM = VDLHM55SZV;
				EXECUTABLE_PREFIX = lib;
				PRODUCT_NAME = "$(TARGET_NAME)";
				SKIP_INSTALL = YES;
			};
			name = Debug;
		};
		393D129D2576A819002F5681 /* Release */ = {
			isa = XCBuildConfiguration;
			buildSettings = {
				CODE_SIGN_STYLE = Automatic;
				DEVELOPMENT_TEAM = VDLHM55SZV;
				EXECUTABLE_PREFIX = lib;
				PRODUCT_NAME = "$(TARGET_NAME)";
				SKIP_INSTALL = YES;
			};
			name = Release;
		};
/* End XCBuildConfiguration section */

/* Begin XCConfigurationList section */
		393D128D2576A819002F5681 /* Build configuration list for PBXProject "Advent Of Code 2020" */ = {
			isa = XCConfigurationList;
			buildConfigurations = (
				393D12992576A819002F5681 /* Debug */,
				393D129A2576A819002F5681 /* Release */,
			);
			defaultConfigurationIsVisible = 0;
			defaultConfigurationName = Release;
		};
		393D129B2576A819002F5681 /* Build configuration list for PBXNativeTarget "Advent Of Code 2020" */ = {
			isa = XCConfigurationList;
			buildConfigurations = (
				393D129C2576A819002F5681 /* Debug */,
				393D129D2576A819002F5681 /* Release */,
			);
			defaultConfigurationIsVisible = 0;
			defaultConfigurationName = Release;
		};
/* End XCConfigurationList section */
	};
	rootObject = 393D128A2576A819002F5681 /* Project object */;
}
